
Microsoft Visual Studio Solution File, Format Version 12.00
# Visual Studio Version 16
VisualStudioVersion = 16.0.31613.86
MinimumVisualStudioVersion = 10.0.40219.1
Project("{FAE04EC0-301F-11D3-BF4B-00C04F79EFBC}") = "WinFormsUI", "WinFormsUI\WinFormsUI.csproj", "{A713F7FE-C260-4548-86F2-F370FE07AC39}"
EndProject
Global
	GlobalSection(SolutionConfigurationPlatforms) = preSolution
		Debug|Any CPU = Debug|Any CPU
		Release|Any CPU = Release|Any CPU
	EndGlobalSection
	GlobalSection(ProjectConfigurationPlatforms) = postSolution
		{A713F7FE-C260-4548-86F2-F370FE07AC39}.Debug|Any CPU.ActiveCfg = Debug|Any CPU
		{A713F7FE-C260-4548-86F2-F370FE07AC39}.Debug|Any CPU.Build.0 = Debug|Any CPU
		{A713F7FE-C260-4548-86F2-F370FE07AC39}.Release|Any CPU.ActiveCfg = Release|Any CPU
		{A713F7FE-C260-4548-86F2-F370FE07AC39}.Release|Any CPU.Build.0 = Release|Any CPU
	EndGlobalSection
	GlobalSection(SolutionProperties) = preSolution
		HideSolutionNode = FALSE
	EndGlobalSection
	GlobalSection(ExtensibilityGlobals) = postSolution
		SolutionGuid = {C4E4DA74-B57D-4AE2-8C7C-15EFDEE9EC2B}
	EndGlobalSection
EndGlobal
